PODS:
  - Authentication (0.1.0):
    - KeychainAccess
    - R.swift
    - SwiftLint
  - Authentication/Tests (0.1.0):
    - KeychainAccess
    - R.swift
    - SwiftLint
  - KeychainAccess (4.1.0)
  - R.swift (5.1.0):
    - R.swift.Library (~> 5.1.0)
  - R.swift.Library (5.1.0)
  - SwiftLint (0.38.2)

DEPENDENCIES:
  - Authentication (from `DevPods/Authentication`)
  - Authentication/Tests (from `DevPods/Authentication`)
  - R.swift
  - SwiftLint

SPEC REPOS:
  trunk:
    - KeychainAccess
    - R.swift
    - R.swift.Library
    - SwiftLint

EXTERNAL SOURCES:
  Authentication:
    :path: DevPods/Authentication

SPEC CHECKSUMS:
  Authentication: bf8592e1c644f1056bb23c264ac6216b67d518f8
  KeychainAccess: 445e28864fe6d3458b41fa211bcdc39890e8bd5a
  R.swift: 8cbc4fc69b740305b6a17c8a8ed968eb788962d9
  R.swift.Library: fa85ce1e0d0b7e818cd9e080df910ba54d2776cc
  SwiftLint: 8f5d2f903e1c9bcbc832fd16771e80a263ac6cbb

PODFILE CHECKSUM: bb4a5d199927e5e6fd27ce1f6742100c9bd6d8b4

COCOAPODS: 1.8.4
