PODS:
  - Auth (0.1.0):
    - KeychainAccess
  - Auth/Tests (0.1.0):
    - KeychainAccess
  - KeychainAccess (4.1.0)
  - R.swift (5.1.0):
    - R.swift.Library (~> 5.1.0)
  - R.swift.Library (5.1.0)
  - SwiftLint (0.39.1)
  - TinkoffKit (0.1.0)
  - TinkoffKit/Tests (0.1.0)

DEPENDENCIES:
  - Auth (from `DevPods/Authentication`)
  - Auth/Tests (from `DevPods/Authentication`)
  - R.swift
  - SwiftLint
  - TinkoffKit (from `DevPods/TinkoffKit`)
  - TinkoffKit/Tests (from `DevPods/TinkoffKit`)

SPEC REPOS:
  trunk:
    - KeychainAccess
    - R.swift
    - R.swift.Library
    - SwiftLint

EXTERNAL SOURCES:
  Auth:
    :path: DevPods/Authentication
  TinkoffKit:
    :path: DevPods/TinkoffKit

SPEC CHECKSUMS:
  Auth: 755378d0933b163a539d8f33f0698e282b36e7d8
  KeychainAccess: 445e28864fe6d3458b41fa211bcdc39890e8bd5a
  R.swift: 8cbc4fc69b740305b6a17c8a8ed968eb788962d9
  R.swift.Library: fa85ce1e0d0b7e818cd9e080df910ba54d2776cc
  SwiftLint: 55e96a4a4d537d4a3156859fc1c54bd24851a046
  TinkoffKit: 6930cc983d3f85d05c252a6c761b996bd0708ff5

PODFILE CHECKSUM: 82b355ee8969d53a3e6ddb27b127357ba8b31ae3

COCOAPODS: 1.8.4
