// !$*UTF8*$!
{
	archiveVersion = 1;
	classes = {
	};
	objectVersion = 50;
	objects = {

/* Begin PBXBuildFile section */
		6619FE05240ABE0B002BF9AE /* AppDelegate.swift in Sources */ = {isa = PBXBuildFile; fileRef = 6619FE04240ABE0B002BF9AE /* AppDelegate.swift */; };
		6619FE07240ABE0B002BF9AE /* SceneDelegate.swift in Sources */ = {isa = PBXBuildFile; fileRef = 6619FE06240ABE0B002BF9AE /* SceneDelegate.swift */; };
		6619FE09240ABE0B002BF9AE /* ContentView.swift in Sources */ = {isa = PBXBuildFile; fileRef = 6619FE08240ABE0B002BF9AE /* ContentView.swift */; };
		6619FE0B240ABE13002BF9AE /* Assets.xcassets in Resources */ = {isa = PBXBuildFile; fileRef = 6619FE0A240ABE13002BF9AE /* Assets.xcassets */; };
		6619FE0E240ABE13002BF9AE /* Preview Assets.xcassets in Resources */ = {isa = PBXBuildFile; fileRef = 6619FE0D240ABE13002BF9AE /* Preview Assets.xcassets */; };
		6619FE11240ABE13002BF9AE /* LaunchScreen.storyboard in Resources */ = {isa = PBXBuildFile; fileRef = 6619FE0F240ABE13002BF9AE /* LaunchScreen.storyboard */; };
		6619FE1A240ABE71002BF9AE /* Pods_TinkoffKit.framework in Frameworks */ = {isa = PBXBuildFile; fileRef = 6619FE19240ABE71002BF9AE /* Pods_TinkoffKit.framework */; };
		6619FE1B240ABE71002BF9AE /* Pods_TinkoffKit.framework in Embed Frameworks */ = {isa = PBXBuildFile; fileRef = 6619FE19240ABE71002BF9AE /* Pods_TinkoffKit.framework */; settings = {ATTRIBUTES = (CodeSignOnCopy, RemoveHeadersOnCopy, ); }; };
/* End PBXBuildFile section */

/* Begin PBXCopyFilesBuildPhase section */
		6619FE1C240ABE71002BF9AE /* Embed Frameworks */ = {
			isa = PBXCopyFilesBuildPhase;
			buildActionMask = 2147483647;
			dstPath = "";
			dstSubfolderSpec = 10;
			files = (
				6619FE1B240ABE71002BF9AE /* Pods_TinkoffKit.framework in Embed Frameworks */,
			);
			name = "Embed Frameworks";
			runOnlyForDeploymentPostprocessing = 0;
		};
/* End PBXCopyFilesBuildPhase section */

/* Begin PBXFileReference section */
		6619FE01240ABE0B002BF9AE /* TinkoffKitExample.app */ = {isa = PBXFileReference; explicitFileType = wrapper.application; includeInIndex = 0; path = TinkoffKitExample.app; sourceTree = BUILT_PRODUCTS_DIR; };
		6619FE04240ABE0B002BF9AE /* AppDelegate.swift */ = {isa = PBXFileReference; lastKnownFileType = sourcecode.swift; path = AppDelegate.swift; sourceTree = "<group>"; };
		6619FE06240ABE0B002BF9AE /* SceneDelegate.swift */ = {isa = PBXFileReference; lastKnownFileType = sourcecode.swift; path = SceneDelegate.swift; sourceTree = "<group>"; };
		6619FE08240ABE0B002BF9AE /* ContentView.swift */ = {isa = PBXFileReference; lastKnownFileType = sourcecode.swift; path = ContentView.swift; sourceTree = "<group>"; };
		6619FE0A240ABE13002BF9AE /* Assets.xcassets */ = {isa = PBXFileReference; lastKnownFileType = folder.assetcatalog; path = Assets.xcassets; sourceTree = "<group>"; };
		6619FE0D240ABE13002BF9AE /* Preview Assets.xcassets */ = {isa = PBXFileReference; lastKnownFileType = folder.assetcatalog; path = "Preview Assets.xcassets"; sourceTree = "<group>"; };
		6619FE10240ABE13002BF9AE /* Base */ = {isa = PBXFileReference; lastKnownFileType = file.storyboard; name = Base; path = Base.lproj/LaunchScreen.storyboard; sourceTree = "<group>"; };
		6619FE12240ABE13002BF9AE /* Info.plist */ = {isa = PBXFileReference; lastKnownFileType = text.plist.xml; path = Info.plist; sourceTree = "<group>"; };
		6619FE19240ABE71002BF9AE /* Pods_TinkoffKit.framework */ = {isa = PBXFileReference; explicitFileType = wrapper.framework; path = Pods_TinkoffKit.framework; sourceTree = BUILT_PRODUCTS_DIR; };
/* End PBXFileReference section */

/* Begin PBXFrameworksBuildPhase section */
		6619FDFE240ABE0B002BF9AE /* Frameworks */ = {
			isa = PBXFrameworksBuildPhase;
			buildActionMask = 2147483647;
			files = (
				6619FE1A240ABE71002BF9AE /* Pods_TinkoffKit.framework in Frameworks */,
			);
			runOnlyForDeploymentPostprocessing = 0;
		};
/* End PBXFrameworksBuildPhase section */

/* Begin PBXGroup section */
		6619FDF8240ABE0A002BF9AE = {
			isa = PBXGroup;
			children = (
				6619FE03240ABE0B002BF9AE /* TinkoffKitExample */,
				6619FE02240ABE0B002BF9AE /* Products */,
				6619FE18240ABE71002BF9AE /* Frameworks */,
			);
			sourceTree = "<group>";
		};
		6619FE02240ABE0B002BF9AE /* Products */ = {
			isa = PBXGroup;
			children = (
				6619FE01240ABE0B002BF9AE /* TinkoffKitExample.app */,
			);
			name = Products;
			sourceTree = "<group>";
		};
		6619FE03240ABE0B002BF9AE /* TinkoffKitExample */ = {
			isa = PBXGroup;
			children = (
				6619FE04240ABE0B002BF9AE /* AppDelegate.swift */,
				6619FE06240ABE0B002BF9AE /* SceneDelegate.swift */,
				6619FE08240ABE0B002BF9AE /* ContentView.swift */,
				6619FE0A240ABE13002BF9AE /* Assets.xcassets */,
				6619FE0F240ABE13002BF9AE /* LaunchScreen.storyboard */,
				6619FE12240ABE13002BF9AE /* Info.plist */,
				6619FE0C240ABE13002BF9AE /* Preview Content */,
			);
			path = TinkoffKitExample;
			sourceTree = "<group>";
		};
		6619FE0C240ABE13002BF9AE /* Preview Content */ = {
			isa = PBXGroup;
			children = (
				6619FE0D240ABE13002BF9AE /* Preview Assets.xcassets */,
			);
			path = "Preview Content";
			sourceTree = "<group>";
		};
		6619FE18240ABE71002BF9AE /* Frameworks */ = {
			isa = PBXGroup;
			children = (
				6619FE19240ABE71002BF9AE /* Pods_TinkoffKit.framework */,
			);
			name = Frameworks;
			sourceTree = "<group>";
		};
/* End PBXGroup section */

/* Begin PBXNativeTarget section */
		6619FE00240ABE0B002BF9AE /* TinkoffKitExample */ = {
			isa = PBXNativeTarget;
			buildConfigurationList = 6619FE15240ABE13002BF9AE /* Build configuration list for PBXNativeTarget "TinkoffKitExample" */;
			buildPhases = (
				6619FDFD240ABE0B002BF9AE /* Sources */,
				6619FDFE240ABE0B002BF9AE /* Frameworks */,
				6619FDFF240ABE0B002BF9AE /* Resources */,
				6619FE1C240ABE71002BF9AE /* Embed Frameworks */,
			);
			buildRules = (
			);
			dependencies = (
			);
			name = TinkoffKitExample;
			productName = TinkoffKitExample;
			productReference = 6619FE01240ABE0B002BF9AE /* TinkoffKitExample.app */;
			productType = "com.apple.product-type.application";
		};
/* End PBXNativeTarget section */

/* Begin PBXProject section */
		6619FDF9240ABE0A002BF9AE /* Project object */ = {
			isa = PBXProject;
			attributes = {
				LastSwiftUpdateCheck = 1120;
				LastUpgradeCheck = 1120;
				ORGANIZATIONNAME = georgy;
				TargetAttributes = {
					6619FE00240ABE0B002BF9AE = {
						CreatedOnToolsVersion = 11.2.1;
					};
				};
			};
			buildConfigurationList = 6619FDFC240ABE0A002BF9AE /* Build configuration list for PBXProject "TinkoffKitExample" */;
			compatibilityVersion = "Xcode 9.3";
			developmentRegion = en;
			hasScannedForEncodings = 0;
			knownRegions = (
				en,
				Base,
			);
			mainGroup = 6619FDF8240ABE0A002BF9AE;
			productRefGroup = 6619FE02240ABE0B002BF9AE /* Products */;
			projectDirPath = "";
			projectRoot = "";
			targets = (
				6619FE00240ABE0B002BF9AE /* TinkoffKitExample */,
			);
		};
/* End PBXProject section */

/* Begin PBXResourcesBuildPhase section */
		6619FDFF240ABE0B002BF9AE /* Resources */ = {
			isa = PBXResourcesBuildPhase;
			buildActionMask = 2147483647;
			files = (
				6619FE11240ABE13002BF9AE /* LaunchScreen.storyboard in Resources */,
				6619FE0E240ABE13002BF9AE /* Preview Assets.xcassets in Resources */,
				6619FE0B240ABE13002BF9AE /* Assets.xcassets in Resources */,
			);
			runOnlyForDeploymentPostprocessing = 0;
		};
/* End PBXResourcesBuildPhase section */

/* Begin PBXSourcesBuildPhase section */
		6619FDFD240ABE0B002BF9AE /* Sources */ = {
			isa = PBXSourcesBuildPhase;
			buildActionMask = 2147483647;
			files = (
				6619FE05240ABE0B002BF9AE /* AppDelegate.swift in Sources */,
				6619FE07240ABE0B002BF9AE /* SceneDelegate.swift in Sources */,
				6619FE09240ABE0B002BF9AE /* ContentView.swift in Sources */,
			);
			runOnlyForDeploymentPostprocessing = 0;
		};
/* End PBXSourcesBuildPhase section */

/* Begin PBXVariantGroup section */
		6619FE0F240ABE13002BF9AE /* LaunchScreen.storyboard */ = {
			isa = PBXVariantGroup;
			children = (
				6619FE10240ABE13002BF9AE /* Base */,
			);
			name = LaunchScreen.storyboard;
			sourceTree = "<group>";
		};
/* End PBXVariantGroup section */

/* Begin XCBuildConfiguration section */
		6619FE13240ABE13002BF9AE /* Debug */ = {
			isa = XCBuildConfiguration;
			buildSettings = {
				ALWAYS_SEARCH_USER_PATHS = NO;
				CLANG_ANALYZER_NONNULL = YES;
				CLANG_ANALYZER_NUMBER_OBJECT_CONVERSION = YES_AGGRESSIVE;
				CLANG_CXX_LANGUAGE_STANDARD = "gnu++14";
				CLANG_CXX_LIBRARY = "libc++";
				CLANG_ENABLE_MODULES = YES;
				CLANG_ENABLE_OBJC_ARC = YES;
				CLANG_ENABLE_OBJC_WEAK = YES;
				CLANG_WARN_BLOCK_CAPTURE_AUTORELEASING = YES;
				CLANG_WARN_BOOL_CONVERSION = YES;
				CLANG_WARN_COMMA = YES;
				CLANG_WARN_CONSTANT_CONVERSION = YES;
				CLANG_WARN_DEPRECATED_OBJC_IMPLEMENTATIONS = YES;
				CLANG_WARN_DIRECT_OBJC_ISA_USAGE = YES_ERROR;
				CLANG_WARN_DOCUMENTATION_COMMENTS = YES;
				CLANG_WARN_EMPTY_BODY = YES;
				CLANG_WARN_ENUM_CONVERSION = YES;
				CLANG_WARN_INFINITE_RECURSION = YES;
				CLANG_WARN_INT_CONVERSION = YES;
				CLANG_WARN_NON_LITERAL_NULL_CONVERSION = YES;
				CLANG_WARN_OBJC_IMPLICIT_RETAIN_SELF = YES;
				CLANG_WARN_OBJC_LITERAL_CONVERSION = YES;
				CLANG_WARN_OBJC_ROOT_CLASS = YES_ERROR;
				CLANG_WARN_RANGE_LOOP_ANALYSIS = YES;
				CLANG_WARN_STRICT_PROTOTYPES = YES;
				CLANG_WARN_SUSPICIOUS_MOVE = YES;
				CLANG_WARN_UNGUARDED_AVAILABILITY = YES_AGGRESSIVE;
				CLANG_WARN_UNREACHABLE_CODE = YES;
				CLANG_WARN__DUPLICATE_METHOD_MATCH = YES;
				COPY_PHASE_STRIP = NO;
				DEBUG_INFORMATION_FORMAT = dwarf;
				ENABLE_STRICT_OBJC_MSGSEND = YES;
				ENABLE_TESTABILITY = YES;
				GCC_C_LANGUAGE_STANDARD = gnu11;
				GCC_DYNAMIC_NO_PIC = NO;
				GCC_NO_COMMON_BLOCKS = YES;
				GCC_OPTIMIZATION_LEVEL = 0;
				GCC_PREPROCESSOR_DEFINITIONS = (
					"DEBUG=1",
					"$(inherited)",
				);
				GCC_WARN_64_TO_32_BIT_CONVERSION = YES;
				GCC_WARN_ABOUT_RETURN_TYPE = YES_ERROR;
				GCC_WARN_UNDECLARED_SELECTOR = YES;
				GCC_WARN_UNINITIALIZED_AUTOS = YES_AGGRESSIVE;
				GCC_WARN_UNUSED_FUNCTION = YES;
				GCC_WARN_UNUSED_VARIABLE = YES;
				IPHONEOS_DEPLOYMENT_TARGET = 13.2;
				MTL_ENABLE_DEBUG_INFO = INCLUDE_SOURCE;
				MTL_FAST_MATH = YES;
				ONLY_ACTIVE_ARCH = YES;
				SDKROOT = iphoneos;
				SWIFT_ACTIVE_COMPILATION_CONDITIONS = DEBUG;
				SWIFT_OPTIMIZATION_LEVEL = "-Onone";
			};
			name = Debug;
		};
		6619FE14240ABE13002BF9AE /* Release */ = {
			isa = XCBuildConfiguration;
			buildSettings = {
				ALWAYS_SEARCH_USER_PATHS = NO;
				CLANG_ANALYZER_NONNULL = YES;
				CLANG_ANALYZER_NUMBER_OBJECT_CONVERSION = YES_AGGRESSIVE;
				CLANG_CXX_LANGUAGE_STANDARD = "gnu++14";
				CLANG_CXX_LIBRARY = "libc++";
				CLANG_ENABLE_MODULES = YES;
				CLANG_ENABLE_OBJC_ARC = YES;
				CLANG_ENABLE_OBJC_WEAK = YES;
				CLANG_WARN_BLOCK_CAPTURE_AUTORELEASING = YES;
				CLANG_WARN_BOOL_CONVERSION = YES;
				CLANG_WARN_COMMA = YES;
				CLANG_WARN_CONSTANT_CONVERSION = YES;
				CLANG_WARN_DEPRECATED_OBJC_IMPLEMENTATIONS = YES;
				CLANG_WARN_DIRECT_OBJC_ISA_USAGE = YES_ERROR;
				CLANG_WARN_DOCUMENTATION_COMMENTS = YES;
				CLANG_WARN_EMPTY_BODY = YES;
				CLANG_WARN_ENUM_CONVERSION = YES;
				CLANG_WARN_INFINITE_RECURSION = YES;
				CLANG_WARN_INT_CONVERSION = YES;
				CLANG_WARN_NON_LITERAL_NULL_CONVERSION = YES;
				CLANG_WARN_OBJC_IMPLICIT_RETAIN_SELF = YES;
				CLANG_WARN_OBJC_LITERAL_CONVERSION = YES;
				CLANG_WARN_OBJC_ROOT_CLASS = YES_ERROR;
				CLANG_WARN_RANGE_LOOP_ANALYSIS = YES;
				CLANG_WARN_STRICT_PROTOTYPES = YES;
				CLANG_WARN_SUSPICIOUS_MOVE = YES;
				CLANG_WARN_UNGUARDED_AVAILABILITY = YES_AGGRESSIVE;
				CLANG_WARN_UNREACHABLE_CODE = YES;
				CLANG_WARN__DUPLICATE_METHOD_MATCH = YES;
				COPY_PHASE_STRIP = NO;
				DEBUG_INFORMATION_FORMAT = "dwarf-with-dsym";
				ENABLE_NS_ASSERTIONS = NO;
				ENABLE_STRICT_OBJC_MSGSEND = YES;
				GCC_C_LANGUAGE_STANDARD = gnu11;
				GCC_NO_COMMON_BLOCKS = YES;
				GCC_WARN_64_TO_32_BIT_CONVERSION = YES;
				GCC_WARN_ABOUT_RETURN_TYPE = YES_ERROR;
				GCC_WARN_UNDECLARED_SELECTOR = YES;
				GCC_WARN_UNINITIALIZED_AUTOS = YES_AGGRESSIVE;
				GCC_WARN_UNUSED_FUNCTION = YES;
				GCC_WARN_UNUSED_VARIABLE = YES;
				IPHONEOS_DEPLOYMENT_TARGET = 13.2;
				MTL_ENABLE_DEBUG_INFO = NO;
				MTL_FAST_MATH = YES;
				SDKROOT = iphoneos;
				SWIFT_COMPILATION_MODE = wholemodule;
				SWIFT_OPTIMIZATION_LEVEL = "-O";
				VALIDATE_PRODUCT = YES;
			};
			name = Release;
		};
		6619FE16240ABE13002BF9AE /* Debug */ = {
			isa = XCBuildConfiguration;
			buildSettings = {
				ASSETCATALOG_COMPILER_APPICON_NAME = AppIcon;
				CODE_SIGN_STYLE = Automatic;
				DEVELOPMENT_ASSET_PATHS = "\"TinkoffKitExample/Preview Content\"";
				DEVELOPMENT_TEAM = U8FZ3UYF69;
				ENABLE_PREVIEWS = YES;
				INFOPLIST_FILE = TinkoffKitExample/Info.plist;
				LD_RUNPATH_SEARCH_PATHS = (
					"$(inherited)",
					"@executable_path/Frameworks",
				);
				PRODUCT_BUNDLE_IDENTIFIER = com.georgy.TinkoffKitExample;
				PRODUCT_NAME = "$(TARGET_NAME)";
				SWIFT_VERSION = 5.0;
				TARGETED_DEVICE_FAMILY = "1,2";
			};
			name = Debug;
		};
		6619FE17240ABE13002BF9AE /* Release */ = {
			isa = XCBuildConfiguration;
			buildSettings = {
				ASSETCATALOG_COMPILER_APPICON_NAME = AppIcon;
				CODE_SIGN_STYLE = Automatic;
				DEVELOPMENT_ASSET_PATHS = "\"TinkoffKitExample/Preview Content\"";
				DEVELOPMENT_TEAM = U8FZ3UYF69;
				ENABLE_PREVIEWS = YES;
				INFOPLIST_FILE = TinkoffKitExample/Info.plist;
				LD_RUNPATH_SEARCH_PATHS = (
					"$(inherited)",
					"@executable_path/Frameworks",
				);
				PRODUCT_BUNDLE_IDENTIFIER = com.georgy.TinkoffKitExample;
				PRODUCT_NAME = "$(TARGET_NAME)";
				SWIFT_VERSION = 5.0;
				TARGETED_DEVICE_FAMILY = "1,2";
			};
			name = Release;
		};
/* End XCBuildConfiguration section */

/* Begin XCConfigurationList section */
		6619FDFC240ABE0A002BF9AE /* Build configuration list for PBXProject "TinkoffKitExample" */ = {
			isa = XCConfigurationList;
			buildConfigurations = (
				6619FE13240ABE13002BF9AE /* Debug */,
				6619FE14240ABE13002BF9AE /* Release */,
			);
			defaultConfigurationIsVisible = 0;
			defaultConfigurationName = Release;
		};
		6619FE15240ABE13002BF9AE /* Build configuration list for PBXNativeTarget "TinkoffKitExample" */ = {
			isa = XCConfigurationList;
			buildConfigurations = (
				6619FE16240ABE13002BF9AE /* Debug */,
				6619FE17240ABE13002BF9AE /* Release */,
			);
			defaultConfigurationIsVisible = 0;
			defaultConfigurationName = Release;
		};
/* End XCConfigurationList section */
	};
	rootObject = 6619FDF9240ABE0A002BF9AE /* Project object */;
}
