// !$*UTF8*$!
{
	archiveVersion = 1;
	classes = {
	};
	objectVersion = 50;
	objects = {

/* Begin PBXBuildFile section */
		67785BCAB947064D747563E0 /* Pods_TinkoffNetwork.framework in Frameworks */ = {isa = PBXBuildFile; fileRef = A0BA4701F40272F3C251AF61 /* Pods_TinkoffNetwork.framework */; };
		D9BE6F5F240BB132005D9A3D /* TinkoffNetwork.framework in Frameworks */ = {isa = PBXBuildFile; fileRef = D9BE6F55240BB131005D9A3D /* TinkoffNetwork.framework */; };
		D9BE6F70240BB169005D9A3D /* NetworkClient.swift in Sources */ = {isa = PBXBuildFile; fileRef = D9BE6F6F240BB169005D9A3D /* NetworkClient.swift */; };
/* End PBXBuildFile section */

/* Begin PBXContainerItemProxy section */
		D9BE6F60240BB132005D9A3D /* PBXContainerItemProxy */ = {
			isa = PBXContainerItemProxy;
			containerPortal = D9BE6F4C240BB131005D9A3D /* Project object */;
			proxyType = 1;
			remoteGlobalIDString = D9BE6F54240BB131005D9A3D;
			remoteInfo = TinkoffNetwork;
		};
/* End PBXContainerItemProxy section */

/* Begin PBXFileReference section */
		A0BA4701F40272F3C251AF61 /* Pods_TinkoffNetwork.framework */ = {isa = PBXFileReference; explicitFileType = wrapper.framework; includeInIndex = 0; path = Pods_TinkoffNetwork.framework; sourceTree = BUILT_PRODUCTS_DIR; };
		BB0DC361327F1C214F3D45C9 /* Pods-TinkoffNetwork.release.xcconfig */ = {isa = PBXFileReference; includeInIndex = 1; lastKnownFileType = text.xcconfig; name = "Pods-TinkoffNetwork.release.xcconfig"; path = "Target Support Files/Pods-TinkoffNetwork/Pods-TinkoffNetwork.release.xcconfig"; sourceTree = "<group>"; };
		D9BE6F55240BB131005D9A3D /* TinkoffNetwork.framework */ = {isa = PBXFileReference; explicitFileType = wrapper.framework; includeInIndex = 0; path = TinkoffNetwork.framework; sourceTree = BUILT_PRODUCTS_DIR; };
		D9BE6F59240BB131005D9A3D /* Info.plist */ = {isa = PBXFileReference; lastKnownFileType = text.plist.xml; path = Info.plist; sourceTree = "<group>"; };
		D9BE6F5E240BB132005D9A3D /* TinkoffNetworkTests.xctest */ = {isa = PBXFileReference; explicitFileType = wrapper.cfbundle; includeInIndex = 0; path = TinkoffNetworkTests.xctest; sourceTree = BUILT_PRODUCTS_DIR; };
		D9BE6F6F240BB169005D9A3D /* NetworkClient.swift */ = {isa = PBXFileReference; fileEncoding = 4; lastKnownFileType = sourcecode.swift; path = NetworkClient.swift; sourceTree = "<group>"; };
		DA96D8E705764238A4CAA553 /* Pods-TinkoffNetwork.debug.xcconfig */ = {isa = PBXFileReference; includeInIndex = 1; lastKnownFileType = text.xcconfig; name = "Pods-TinkoffNetwork.debug.xcconfig"; path = "Target Support Files/Pods-TinkoffNetwork/Pods-TinkoffNetwork.debug.xcconfig"; sourceTree = "<group>"; };
/* End PBXFileReference section */

/* Begin PBXFrameworksBuildPhase section */
		D9BE6F52240BB131005D9A3D /* Frameworks */ = {
			isa = PBXFrameworksBuildPhase;
			buildActionMask = 2147483647;
			files = (
				67785BCAB947064D747563E0 /* Pods_TinkoffNetwork.framework in Frameworks */,
			);
			runOnlyForDeploymentPostprocessing = 0;
		};
		D9BE6F5B240BB132005D9A3D /* Frameworks */ = {
			isa = PBXFrameworksBuildPhase;
			buildActionMask = 2147483647;
			files = (
				D9BE6F5F240BB132005D9A3D /* TinkoffNetwork.framework in Frameworks */,
			);
			runOnlyForDeploymentPostprocessing = 0;
		};
/* End PBXFrameworksBuildPhase section */

/* Begin PBXGroup section */
		7009EEDFD0F37F2B60534B62 /* Pods */ = {
			isa = PBXGroup;
			children = (
				DA96D8E705764238A4CAA553 /* Pods-TinkoffNetwork.debug.xcconfig */,
				BB0DC361327F1C214F3D45C9 /* Pods-TinkoffNetwork.release.xcconfig */,
			);
			name = Pods;
			path = Pods;
			sourceTree = "<group>";
		};
		D7C5639A9A331D770447314A /* Frameworks */ = {
			isa = PBXGroup;
			children = (
				A0BA4701F40272F3C251AF61 /* Pods_TinkoffNetwork.framework */,
			);
			name = Frameworks;
			sourceTree = "<group>";
		};
		D9BE6F4B240BB131005D9A3D = {
			isa = PBXGroup;
			children = (
				D9BE6F57240BB131005D9A3D /* TinkoffNetwork */,
				D9BE6F56240BB131005D9A3D /* Products */,
				7009EEDFD0F37F2B60534B62 /* Pods */,
				D7C5639A9A331D770447314A /* Frameworks */,
			);
			sourceTree = "<group>";
		};
		D9BE6F56240BB131005D9A3D /* Products */ = {
			isa = PBXGroup;
			children = (
				D9BE6F55240BB131005D9A3D /* TinkoffNetwork.framework */,
				D9BE6F5E240BB132005D9A3D /* TinkoffNetworkTests.xctest */,
			);
			name = Products;
			sourceTree = "<group>";
		};
		D9BE6F57240BB131005D9A3D /* TinkoffNetwork */ = {
			isa = PBXGroup;
			children = (
				D9BE6F6F240BB169005D9A3D /* NetworkClient.swift */,
				D9BE6F59240BB131005D9A3D /* Info.plist */,
			);
			path = TinkoffNetwork;
			sourceTree = "<group>";
		};
/* End PBXGroup section */

/* Begin PBXHeadersBuildPhase section */
		D9BE6F50240BB131005D9A3D /* Headers */ = {
			isa = PBXHeadersBuildPhase;
			buildActionMask = 2147483647;
			files = (
			);
			runOnlyForDeploymentPostprocessing = 0;
		};
/* End PBXHeadersBuildPhase section */

/* Begin PBXNativeTarget section */
		D9BE6F54240BB131005D9A3D /* TinkoffNetwork */ = {
			isa = PBXNativeTarget;
			buildConfigurationList = D9BE6F69240BB132005D9A3D /* Build configuration list for PBXNativeTarget "TinkoffNetwork" */;
			buildPhases = (
				ED80E41DB09DB2E3D384EC22 /* [CP] Check Pods Manifest.lock */,
				D9BE6F50240BB131005D9A3D /* Headers */,
				D9BE6F51240BB131005D9A3D /* Sources */,
				D9BE6F52240BB131005D9A3D /* Frameworks */,
				D9BE6F53240BB131005D9A3D /* Resources */,
			);
			buildRules = (
			);
			dependencies = (
			);
			name = TinkoffNetwork;
			productName = TinkoffNetwork;
			productReference = D9BE6F55240BB131005D9A3D /* TinkoffNetwork.framework */;
			productType = "com.apple.product-type.framework";
		};
		D9BE6F5D240BB132005D9A3D /* TinkoffNetworkTests */ = {
			isa = PBXNativeTarget;
			buildConfigurationList = D9BE6F6C240BB132005D9A3D /* Build configuration list for PBXNativeTarget "TinkoffNetworkTests" */;
			buildPhases = (
				D9BE6F5A240BB132005D9A3D /* Sources */,
				D9BE6F5B240BB132005D9A3D /* Frameworks */,
				D9BE6F5C240BB132005D9A3D /* Resources */,
			);
			buildRules = (
			);
			dependencies = (
				D9BE6F61240BB132005D9A3D /* PBXTargetDependency */,
			);
			name = TinkoffNetworkTests;
			productName = TinkoffNetworkTests;
			productReference = D9BE6F5E240BB132005D9A3D /* TinkoffNetworkTests.xctest */;
			productType = "com.apple.product-type.bundle.unit-test";
		};
/* End PBXNativeTarget section */

/* Begin PBXProject section */
		D9BE6F4C240BB131005D9A3D /* Project object */ = {
			isa = PBXProject;
			attributes = {
				LastSwiftUpdateCheck = 1130;
				LastUpgradeCheck = 1130;
				ORGANIZATIONNAME = a.gachkovskaya;
				TargetAttributes = {
					D9BE6F54240BB131005D9A3D = {
						CreatedOnToolsVersion = 11.3.1;
						LastSwiftMigration = 1130;
					};
					D9BE6F5D240BB132005D9A3D = {
						CreatedOnToolsVersion = 11.3.1;
					};
				};
			};
			buildConfigurationList = D9BE6F4F240BB131005D9A3D /* Build configuration list for PBXProject "TinkoffNetwork" */;
			compatibilityVersion = "Xcode 9.3";
			developmentRegion = en;
			hasScannedForEncodings = 0;
			knownRegions = (
				en,
				Base,
			);
			mainGroup = D9BE6F4B240BB131005D9A3D;
			productRefGroup = D9BE6F56240BB131005D9A3D /* Products */;
			projectDirPath = "";
			projectRoot = "";
			targets = (
				D9BE6F54240BB131005D9A3D /* TinkoffNetwork */,
				D9BE6F5D240BB132005D9A3D /* TinkoffNetworkTests */,
			);
		};
/* End PBXProject section */

/* Begin PBXResourcesBuildPhase section */
		D9BE6F53240BB131005D9A3D /* Resources */ = {
			isa = PBXResourcesBuildPhase;
			buildActionMask = 2147483647;
			files = (
			);
			runOnlyForDeploymentPostprocessing = 0;
		};
		D9BE6F5C240BB132005D9A3D /* Resources */ = {
			isa = PBXResourcesBuildPhase;
			buildActionMask = 2147483647;
			files = (
			);
			runOnlyForDeploymentPostprocessing = 0;
		};
/* End PBXResourcesBuildPhase section */

/* Begin PBXShellScriptBuildPhase section */
		ED80E41DB09DB2E3D384EC22 /* [CP] Check Pods Manifest.lock */ = {
			isa = PBXShellScriptBuildPhase;
			buildActionMask = 2147483647;
			files = (
			);
			inputFileListPaths = (
			);
			inputPaths = (
				"${PODS_PODFILE_DIR_PATH}/Podfile.lock",
				"${PODS_ROOT}/Manifest.lock",
			);
			name = "[CP] Check Pods Manifest.lock";
			outputFileListPaths = (
			);
			outputPaths = (
				"$(DERIVED_FILE_DIR)/Pods-TinkoffNetwork-checkManifestLockResult.txt",
			);
			runOnlyForDeploymentPostprocessing = 0;
			shellPath = /bin/sh;
			shellScript = "diff \"${PODS_PODFILE_DIR_PATH}/Podfile.lock\" \"${PODS_ROOT}/Manifest.lock\" > /dev/null\nif [ $? != 0 ] ; then\n    # print error to STDERR\n    echo \"error: The sandbox is not in sync with the Podfile.lock. Run 'pod install' or update your CocoaPods installation.\" >&2\n    exit 1\nfi\n# This output is used by Xcode 'outputs' to avoid re-running this script phase.\necho \"SUCCESS\" > \"${SCRIPT_OUTPUT_FILE_0}\"\n";
			showEnvVarsInLog = 0;
		};
/* End PBXShellScriptBuildPhase section */

/* Begin PBXSourcesBuildPhase section */
		D9BE6F51240BB131005D9A3D /* Sources */ = {
			isa = PBXSourcesBuildPhase;
			buildActionMask = 2147483647;
			files = (
				D9BE6F70240BB169005D9A3D /* NetworkClient.swift in Sources */,
			);
			runOnlyForDeploymentPostprocessing = 0;
		};
		D9BE6F5A240BB132005D9A3D /* Sources */ = {
			isa = PBXSourcesBuildPhase;
			buildActionMask = 2147483647;
			files = (
			);
			runOnlyForDeploymentPostprocessing = 0;
		};
/* End PBXSourcesBuildPhase section */

/* Begin PBXTargetDependency section */
		D9BE6F61240BB132005D9A3D /* PBXTargetDependency */ = {
			isa = PBXTargetDependency;
			target = D9BE6F54240BB131005D9A3D /* TinkoffNetwork */;
			targetProxy = D9BE6F60240BB132005D9A3D /* PBXContainerItemProxy */;
		};
/* End PBXTargetDependency section */

/* Begin XCBuildConfiguration section */
		D9BE6F67240BB132005D9A3D /* Debug */ = {
			isa = XCBuildConfiguration;
			buildSettings = {
				ALWAYS_SEARCH_USER_PATHS = NO;
				CLANG_ANALYZER_NONNULL = YES;
				CLANG_ANALYZER_NUMBER_OBJECT_CONVERSION = YES_AGGRESSIVE;
				CLANG_CXX_LANGUAGE_STANDARD = "gnu++14";
				CLANG_CXX_LIBRARY = "libc++";
				CLANG_ENABLE_MODULES = YES;
				CLANG_ENABLE_OBJC_ARC = YES;
				CLANG_ENABLE_OBJC_WEAK = YES;
				CLANG_WARN_BLOCK_CAPTURE_AUTORELEASING = YES;
				CLANG_WARN_BOOL_CONVERSION = YES;
				CLANG_WARN_COMMA = YES;
				CLANG_WARN_CONSTANT_CONVERSION = YES;
				CLANG_WARN_DEPRECATED_OBJC_IMPLEMENTATIONS = YES;
				CLANG_WARN_DIRECT_OBJC_ISA_USAGE = YES_ERROR;
				CLANG_WARN_DOCUMENTATION_COMMENTS = YES;
				CLANG_WARN_EMPTY_BODY = YES;
				CLANG_WARN_ENUM_CONVERSION = YES;
				CLANG_WARN_INFINITE_RECURSION = YES;
				CLANG_WARN_INT_CONVERSION = YES;
				CLANG_WARN_NON_LITERAL_NULL_CONVERSION = YES;
				CLANG_WARN_OBJC_IMPLICIT_RETAIN_SELF = YES;
				CLANG_WARN_OBJC_LITERAL_CONVERSION = YES;
				CLANG_WARN_OBJC_ROOT_CLASS = YES_ERROR;
				CLANG_WARN_RANGE_LOOP_ANALYSIS = YES;
				CLANG_WARN_STRICT_PROTOTYPES = YES;
				CLANG_WARN_SUSPICIOUS_MOVE = YES;
				CLANG_WARN_UNGUARDED_AVAILABILITY = YES_AGGRESSIVE;
				CLANG_WARN_UNREACHABLE_CODE = YES;
				CLANG_WARN__DUPLICATE_METHOD_MATCH = YES;
				COPY_PHASE_STRIP = NO;
				CURRENT_PROJECT_VERSION = 1;
				DEBUG_INFORMATION_FORMAT = dwarf;
				ENABLE_STRICT_OBJC_MSGSEND = YES;
				ENABLE_TESTABILITY = YES;
				GCC_C_LANGUAGE_STANDARD = gnu11;
				GCC_DYNAMIC_NO_PIC = NO;
				GCC_NO_COMMON_BLOCKS = YES;
				GCC_OPTIMIZATION_LEVEL = 0;
				GCC_PREPROCESSOR_DEFINITIONS = (
					"DEBUG=1",
					"$(inherited)",
				);
				GCC_WARN_64_TO_32_BIT_CONVERSION = YES;
				GCC_WARN_ABOUT_RETURN_TYPE = YES_ERROR;
				GCC_WARN_UNDECLARED_SELECTOR = YES;
				GCC_WARN_UNINITIALIZED_AUTOS = YES_AGGRESSIVE;
				GCC_WARN_UNUSED_FUNCTION = YES;
				GCC_WARN_UNUSED_VARIABLE = YES;
				IPHONEOS_DEPLOYMENT_TARGET = 13.2;
				MTL_ENABLE_DEBUG_INFO = INCLUDE_SOURCE;
				MTL_FAST_MATH = YES;
				ONLY_ACTIVE_ARCH = YES;
				SDKROOT = iphoneos;
				SWIFT_ACTIVE_COMPILATION_CONDITIONS = DEBUG;
				SWIFT_OPTIMIZATION_LEVEL = "-Onone";
				VERSIONING_SYSTEM = "apple-generic";
				VERSION_INFO_PREFIX = "";
			};
			name = Debug;
		};
		D9BE6F68240BB132005D9A3D /* Release */ = {
			isa = XCBuildConfiguration;
			buildSettings = {
				ALWAYS_SEARCH_USER_PATHS = NO;
				CLANG_ANALYZER_NONNULL = YES;
				CLANG_ANALYZER_NUMBER_OBJECT_CONVERSION = YES_AGGRESSIVE;
				CLANG_CXX_LANGUAGE_STANDARD = "gnu++14";
				CLANG_CXX_LIBRARY = "libc++";
				CLANG_ENABLE_MODULES = YES;
				CLANG_ENABLE_OBJC_ARC = YES;
				CLANG_ENABLE_OBJC_WEAK = YES;
				CLANG_WARN_BLOCK_CAPTURE_AUTORELEASING = YES;
				CLANG_WARN_BOOL_CONVERSION = YES;
				CLANG_WARN_COMMA = YES;
				CLANG_WARN_CONSTANT_CONVERSION = YES;
				CLANG_WARN_DEPRECATED_OBJC_IMPLEMENTATIONS = YES;
				CLANG_WARN_DIRECT_OBJC_ISA_USAGE = YES_ERROR;
				CLANG_WARN_DOCUMENTATION_COMMENTS = YES;
				CLANG_WARN_EMPTY_BODY = YES;
				CLANG_WARN_ENUM_CONVERSION = YES;
				CLANG_WARN_INFINITE_RECURSION = YES;
				CLANG_WARN_INT_CONVERSION = YES;
				CLANG_WARN_NON_LITERAL_NULL_CONVERSION = YES;
				CLANG_WARN_OBJC_IMPLICIT_RETAIN_SELF = YES;
				CLANG_WARN_OBJC_LITERAL_CONVERSION = YES;
				CLANG_WARN_OBJC_ROOT_CLASS = YES_ERROR;
				CLANG_WARN_RANGE_LOOP_ANALYSIS = YES;
				CLANG_WARN_STRICT_PROTOTYPES = YES;
				CLANG_WARN_SUSPICIOUS_MOVE = YES;
				CLANG_WARN_UNGUARDED_AVAILABILITY = YES_AGGRESSIVE;
				CLANG_WARN_UNREACHABLE_CODE = YES;
				CLANG_WARN__DUPLICATE_METHOD_MATCH = YES;
				COPY_PHASE_STRIP = NO;
				CURRENT_PROJECT_VERSION = 1;
				DEBUG_INFORMATION_FORMAT = "dwarf-with-dsym";
				ENABLE_NS_ASSERTIONS = NO;
				ENABLE_STRICT_OBJC_MSGSEND = YES;
				GCC_C_LANGUAGE_STANDARD = gnu11;
				GCC_NO_COMMON_BLOCKS = YES;
				GCC_WARN_64_TO_32_BIT_CONVERSION = YES;
				GCC_WARN_ABOUT_RETURN_TYPE = YES_ERROR;
				GCC_WARN_UNDECLARED_SELECTOR = YES;
				GCC_WARN_UNINITIALIZED_AUTOS = YES_AGGRESSIVE;
				GCC_WARN_UNUSED_FUNCTION = YES;
				GCC_WARN_UNUSED_VARIABLE = YES;
				IPHONEOS_DEPLOYMENT_TARGET = 13.2;
				MTL_ENABLE_DEBUG_INFO = NO;
				MTL_FAST_MATH = YES;
				SDKROOT = iphoneos;
				SWIFT_COMPILATION_MODE = wholemodule;
				SWIFT_OPTIMIZATION_LEVEL = "-O";
				VALIDATE_PRODUCT = YES;
				VERSIONING_SYSTEM = "apple-generic";
				VERSION_INFO_PREFIX = "";
			};
			name = Release;
		};
		D9BE6F6A240BB132005D9A3D /* Debug */ = {
			isa = XCBuildConfiguration;
			baseConfigurationReference = DA96D8E705764238A4CAA553 /* Pods-TinkoffNetwork.debug.xcconfig */;
			buildSettings = {
				CLANG_ENABLE_MODULES = YES;
				CODE_SIGN_STYLE = Automatic;
				DEFINES_MODULE = YES;
				DYLIB_COMPATIBILITY_VERSION = 1;
				DYLIB_CURRENT_VERSION = 1;
				DYLIB_INSTALL_NAME_BASE = "@rpath";
				INFOPLIST_FILE = TinkoffNetwork/Info.plist;
				INSTALL_PATH = "$(LOCAL_LIBRARY_DIR)/Frameworks";
				LD_RUNPATH_SEARCH_PATHS = (
					"$(inherited)",
					"@executable_path/Frameworks",
					"@loader_path/Frameworks",
				);
				PRODUCT_BUNDLE_IDENTIFIER = disrupt.TinkoffNetwork;
				PRODUCT_NAME = "$(TARGET_NAME:c99extidentifier)";
				SKIP_INSTALL = YES;
				SWIFT_OPTIMIZATION_LEVEL = "-Onone";
				SWIFT_VERSION = 5.0;
				TARGETED_DEVICE_FAMILY = "1,2";
			};
			name = Debug;
		};
		D9BE6F6B240BB132005D9A3D /* Release */ = {
			isa = XCBuildConfiguration;
			baseConfigurationReference = BB0DC361327F1C214F3D45C9 /* Pods-TinkoffNetwork.release.xcconfig */;
			buildSettings = {
				CLANG_ENABLE_MODULES = YES;
				CODE_SIGN_STYLE = Automatic;
				DEFINES_MODULE = YES;
				DYLIB_COMPATIBILITY_VERSION = 1;
				DYLIB_CURRENT_VERSION = 1;
				DYLIB_INSTALL_NAME_BASE = "@rpath";
				INFOPLIST_FILE = TinkoffNetwork/Info.plist;
				INSTALL_PATH = "$(LOCAL_LIBRARY_DIR)/Frameworks";
				LD_RUNPATH_SEARCH_PATHS = (
					"$(inherited)",
					"@executable_path/Frameworks",
					"@loader_path/Frameworks",
				);
				PRODUCT_BUNDLE_IDENTIFIER = disrupt.TinkoffNetwork;
				PRODUCT_NAME = "$(TARGET_NAME:c99extidentifier)";
				SKIP_INSTALL = YES;
				SWIFT_VERSION = 5.0;
				TARGETED_DEVICE_FAMILY = "1,2";
			};
			name = Release;
		};
		D9BE6F6D240BB132005D9A3D /* Debug */ = {
			isa = XCBuildConfiguration;
			buildSettings = {
				ALWAYS_EMBED_SWIFT_STANDARD_LIBRARIES = YES;
				CODE_SIGN_STYLE = Automatic;
				INFOPLIST_FILE = TinkoffNetworkTests/Info.plist;
				LD_RUNPATH_SEARCH_PATHS = (
					"$(inherited)",
					"@executable_path/Frameworks",
					"@loader_path/Frameworks",
				);
				PRODUCT_BUNDLE_IDENTIFIER = disrupt.TinkoffNetworkTests;
				PRODUCT_NAME = "$(TARGET_NAME)";
				SWIFT_VERSION = 5.0;
				TARGETED_DEVICE_FAMILY = "1,2";
			};
			name = Debug;
		};
		D9BE6F6E240BB132005D9A3D /* Release */ = {
			isa = XCBuildConfiguration;
			buildSettings = {
				ALWAYS_EMBED_SWIFT_STANDARD_LIBRARIES = YES;
				CODE_SIGN_STYLE = Automatic;
				INFOPLIST_FILE = TinkoffNetworkTests/Info.plist;
				LD_RUNPATH_SEARCH_PATHS = (
					"$(inherited)",
					"@executable_path/Frameworks",
					"@loader_path/Frameworks",
				);
				PRODUCT_BUNDLE_IDENTIFIER = disrupt.TinkoffNetworkTests;
				PRODUCT_NAME = "$(TARGET_NAME)";
				SWIFT_VERSION = 5.0;
				TARGETED_DEVICE_FAMILY = "1,2";
			};
			name = Release;
		};
/* End XCBuildConfiguration section */

/* Begin XCConfigurationList section */
		D9BE6F4F240BB131005D9A3D /* Build configuration list for PBXProject "TinkoffNetwork" */ = {
			isa = XCConfigurationList;
			buildConfigurations = (
				D9BE6F67240BB132005D9A3D /* Debug */,
				D9BE6F68240BB132005D9A3D /* Release */,
			);
			defaultConfigurationIsVisible = 0;
			defaultConfigurationName = Release;
		};
		D9BE6F69240BB132005D9A3D /* Build configuration list for PBXNativeTarget "TinkoffNetwork" */ = {
			isa = XCConfigurationList;
			buildConfigurations = (
				D9BE6F6A240BB132005D9A3D /* Debug */,
				D9BE6F6B240BB132005D9A3D /* Release */,
			);
			defaultConfigurationIsVisible = 0;
			defaultConfigurationName = Release;
		};
		D9BE6F6C240BB132005D9A3D /* Build configuration list for PBXNativeTarget "TinkoffNetworkTests" */ = {
			isa = XCConfigurationList;
			buildConfigurations = (
				D9BE6F6D240BB132005D9A3D /* Debug */,
				D9BE6F6E240BB132005D9A3D /* Release */,
			);
			defaultConfigurationIsVisible = 0;
			defaultConfigurationName = Release;
		};
/* End XCConfigurationList section */
	};
	rootObject = D9BE6F4C240BB131005D9A3D /* Project object */;
}
