PODS:
  - KeychainAccess (4.1.0)
  - SwiftLint (0.39.1)
  - TinkoffKit (0.1.0):
    - SwiftLint

DEPENDENCIES:
  - KeychainAccess
  - SwiftLint
  - TinkoffKit (from `../../TinkoffKit`)

SPEC REPOS:
  trunk:
    - KeychainAccess
    - SwiftLint

EXTERNAL SOURCES:
  TinkoffKit:
    :path: "../../TinkoffKit"

SPEC CHECKSUMS:
  KeychainAccess: 445e28864fe6d3458b41fa211bcdc39890e8bd5a
  SwiftLint: 55e96a4a4d537d4a3156859fc1c54bd24851a046
  TinkoffKit: 23b4e3c12e8dac1b63ad6b3479da667b1f65cb1d

PODFILE CHECKSUM: e2220f331c32347e966b53eed6ed4cd92ca0452f

COCOAPODS: 1.8.4
